
Microsoft Visual Studio Solution File, Format Version 12.00
# Visual Studio Version 17
VisualStudioVersion = 17.1.32210.238
MinimumVisualStudioVersion = 10.0.40219.1
Project("{FAE04EC0-301F-11D3-BF4B-00C04F79EFBC}") = "Minesweeper", "Minesweeper\Minesweeper.csproj", "{0B18FDC2-B27D-471E-BB9A-40211FFAB84F}"
EndProject
Project("{2150E333-8FDC-42A3-9474-1A3956D46DE8}") = "Solution Items", "Solution Items", "{58CEE7E1-59D1-496F-9110-E71B57ECDF09}"
	ProjectSection(SolutionItems) = preProject
		Task.txt = Task.txt
	EndProjectSection
EndProject
Project("{FAE04EC0-301F-11D3-BF4B-00C04F79EFBC}") = "MinesweeperTest", "MinesweeperTest\MinesweeperTest.csproj", "{1FC23CD7-9D9A-4198-B388-0765A2DC52E2}"
EndProject
Global
	GlobalSection(SolutionConfigurationPlatforms) = preSolution
		Debug|Any CPU = Debug|Any CPU
		Release|Any CPU = Release|Any CPU
	EndGlobalSection
	GlobalSection(ProjectConfigurationPlatforms) = postSolution
		{0B18FDC2-B27D-471E-BB9A-40211FFAB84F}.Debug|Any CPU.ActiveCfg = Debug|Any CPU
		{0B18FDC2-B27D-471E-BB9A-40211FFAB84F}.Debug|Any CPU.Build.0 = Debug|Any CPU
		{0B18FDC2-B27D-471E-BB9A-40211FFAB84F}.Release|Any CPU.ActiveCfg = Release|Any CPU
		{0B18FDC2-B27D-471E-BB9A-40211FFAB84F}.Release|Any CPU.Build.0 = Release|Any CPU
		{1FC23CD7-9D9A-4198-B388-0765A2DC52E2}.Debug|Any CPU.ActiveCfg = Debug|Any CPU
		{1FC23CD7-9D9A-4198-B388-0765A2DC52E2}.Debug|Any CPU.Build.0 = Debug|Any CPU
		{1FC23CD7-9D9A-4198-B388-0765A2DC52E2}.Release|Any CPU.ActiveCfg = Release|Any CPU
		{1FC23CD7-9D9A-4198-B388-0765A2DC52E2}.Release|Any CPU.Build.0 = Release|Any CPU
	EndGlobalSection
	GlobalSection(SolutionProperties) = preSolution
		HideSolutionNode = FALSE
	EndGlobalSection
	GlobalSection(ExtensibilityGlobals) = postSolution
		SolutionGuid = {486CE449-7138-4A9B-B8B9-1F7A7E035862}
	EndGlobalSection
EndGlobal
